
Microsoft Visual Studio Solution File, Format Version 12.00
# Visual Studio 14
VisualStudioVersion = 14.0.24720.0
MinimumVisualStudioVersion = 10.0.40219.1
Project("{2150E333-8FDC-42A3-9474-1A3956D46DE8}") = "src", "src", "{8FEE4903-B504-4B8A-A264-A993AFF6BE14}"
EndProject
Project("{2150E333-8FDC-42A3-9474-1A3956D46DE8}") = "Solution Items", "Solution Items", "{EDA59DB5-8EA3-40D1-B85E-FE53CC2EAF84}"
	ProjectSection(SolutionItems) = preProject
		global.json = global.json
	EndProjectSection
EndProject
Project("{8BB2217D-0F2D-49D1-97BC-3654ED321F3B}") = "Notes_03242016", "src\Notes_03242016\Notes_03242016.xproj", "{0327762A-9954-4BB1-A29C-A63657283F46}"
EndProject
Project("{8BB2217D-0F2D-49D1-97BC-3654ED321F3B}") = "Notes_03242016_Tests.Tests", "src\Notes_03242016_Tests.Tests\Notes_03242016_Tests.Tests.xproj", "{C2FC7CA9-C51A-4716-AD7A-D33C76E9937D}"
EndProject
Global
	GlobalSection(SolutionConfigurationPlatforms) = preSolution
		Debug|Any CPU = Debug|Any CPU
		Release|Any CPU = Release|Any CPU
	EndGlobalSection
	GlobalSection(ProjectConfigurationPlatforms) = postSolution
		{0327762A-9954-4BB1-A29C-A63657283F46}.Debug|Any CPU.ActiveCfg = Debug|Any CPU
		{0327762A-9954-4BB1-A29C-A63657283F46}.Debug|Any CPU.Build.0 = Debug|Any CPU
		{0327762A-9954-4BB1-A29C-A63657283F46}.Release|Any CPU.ActiveCfg = Release|Any CPU
		{0327762A-9954-4BB1-A29C-A63657283F46}.Release|Any CPU.Build.0 = Release|Any CPU
		{C2FC7CA9-C51A-4716-AD7A-D33C76E9937D}.Debug|Any CPU.ActiveCfg = Debug|Any CPU
		{C2FC7CA9-C51A-4716-AD7A-D33C76E9937D}.Debug|Any CPU.Build.0 = Debug|Any CPU
		{C2FC7CA9-C51A-4716-AD7A-D33C76E9937D}.Release|Any CPU.ActiveCfg = Release|Any CPU
		{C2FC7CA9-C51A-4716-AD7A-D33C76E9937D}.Release|Any CPU.Build.0 = Release|Any CPU
	EndGlobalSection
	GlobalSection(SolutionProperties) = preSolution
		HideSolutionNode = FALSE
	EndGlobalSection
	GlobalSection(NestedProjects) = preSolution
		{0327762A-9954-4BB1-A29C-A63657283F46} = {8FEE4903-B504-4B8A-A264-A993AFF6BE14}
		{C2FC7CA9-C51A-4716-AD7A-D33C76E9937D} = {8FEE4903-B504-4B8A-A264-A993AFF6BE14}
	EndGlobalSection
EndGlobal
